
Microsoft Visual Studio Solution File, Format Version 12.00
# Visual Studio Version 17
VisualStudioVersion = 17.10.35122.118
MinimumVisualStudioVersion = 10.0.40219.1
Project("{FAE04EC0-301F-11D3-BF4B-00C04F79EFBC}") = "PersonalFinanceManager", "PersonalFinanceManager\PersonalFinanceManager.csproj", "{C1545F11-2B45-4D25-88D4-237731DF39C5}"
EndProject
Global
	GlobalSection(SolutionConfigurationPlatforms) = preSolution
		Debug|Any CPU = Debug|Any CPU
		Release|Any CPU = Release|Any CPU
	EndGlobalSection
	GlobalSection(ProjectConfigurationPlatforms) = postSolution
		{C1545F11-2B45-4D25-88D4-237731DF39C5}.Debug|Any CPU.ActiveCfg = Debug|Any CPU
		{C1545F11-2B45-4D25-88D4-237731DF39C5}.Debug|Any CPU.Build.0 = Debug|Any CPU
		{C1545F11-2B45-4D25-88D4-237731DF39C5}.Release|Any CPU.ActiveCfg = Release|Any CPU
		{C1545F11-2B45-4D25-88D4-237731DF39C5}.Release|Any CPU.Build.0 = Release|Any CPU
	EndGlobalSection
	GlobalSection(SolutionProperties) = preSolution
		HideSolutionNode = FALSE
	EndGlobalSection
	GlobalSection(ExtensibilityGlobals) = postSolution
		SolutionGuid = {F2FFBC32-234D-4C09-A135-C96795A2D25B}
	EndGlobalSection
EndGlobal
